
Microsoft Visual Studio Solution File, Format Version 12.00
# Visual Studio Version 16
VisualStudioVersion = 16.0.31005.135
MinimumVisualStudioVersion = 10.0.40219.1
Project("{FAE04EC0-301F-11D3-BF4B-00C04F79EFBC}") = "Jorj", "Jorj\Jorj.csproj", "{803C31DF-0979-4AD1-A57E-1555B003761B}"
EndProject
Global
	GlobalSection(SolutionConfigurationPlatforms) = preSolution
		Debug|Any CPU = Debug|Any CPU
		Release|Any CPU = Release|Any CPU
	EndGlobalSection
	GlobalSection(ProjectConfigurationPlatforms) = postSolution
		{803C31DF-0979-4AD1-A57E-1555B003761B}.Debug|Any CPU.ActiveCfg = Debug|Any CPU
		{803C31DF-0979-4AD1-A57E-1555B003761B}.Debug|Any CPU.Build.0 = Debug|Any CPU
		{803C31DF-0979-4AD1-A57E-1555B003761B}.Release|Any CPU.ActiveCfg = Release|Any CPU
		{803C31DF-0979-4AD1-A57E-1555B003761B}.Release|Any CPU.Build.0 = Release|Any CPU
	EndGlobalSection
	GlobalSection(SolutionProperties) = preSolution
		HideSolutionNode = FALSE
	EndGlobalSection
	GlobalSection(ExtensibilityGlobals) = postSolution
		SolutionGuid = {1C428390-EBBC-4F9B-883C-031AA9C65629}
	EndGlobalSection
EndGlobal
